{
  "projects": [
    {
      "projectId": "nrPz18mQdv3PkJpy3CQVQU",
      "version": "latest",
      "dependencies": {},
      "lang": "ts",
      "fileLocks": [
        {
          "type": "globalVariant",
          "assetId": "r8AY1gCbPLwI",
          "checksum": "f170fa36a3c7a73a3f0a3872fdeef90e"
        },
        {
          "assetId": "nrPz18mQdv3PkJpy3CQVQU",
          "type": "projectCss",
          "checksum": "8004d139bc03b6c85e1025c5275b95b4"
        },
        {
          "type": "renderModule",
          "assetId": "4Rkh0MI3sFXa",
          "checksum": "f329ac6cfc4ee2e437b374895711b88d"
        },
        {
          "type": "cssRules",
          "assetId": "4Rkh0MI3sFXa",
          "checksum": "f329ac6cfc4ee2e437b374895711b88d"
        }
      ]
    }
  ],
  "cliVersion": "0.1.158"
}
